
Microsoft Visual Studio Solution File, Format Version 12.00
Project("{FAE04EC0-301F-11D3-BF4B-00C04F79EFBC}") = "TailwindTest", "TailwindTest\TailwindTest.csproj", "{AA8301C0-C3B5-4AE2-8379-54C56DAEF4C2}"
EndProject
Global
	GlobalSection(SolutionConfigurationPlatforms) = preSolution
		Debug|Any CPU = Debug|Any CPU
		Release|Any CPU = Release|Any CPU
	EndGlobalSection
	GlobalSection(ProjectConfigurationPlatforms) = postSolution
		{AA8301C0-C3B5-4AE2-8379-54C56DAEF4C2}.Debug|Any CPU.ActiveCfg = Debug|Any CPU
		{AA8301C0-C3B5-4AE2-8379-54C56DAEF4C2}.Debug|Any CPU.Build.0 = Debug|Any CPU
		{AA8301C0-C3B5-4AE2-8379-54C56DAEF4C2}.Release|Any CPU.ActiveCfg = Release|Any CPU
		{AA8301C0-C3B5-4AE2-8379-54C56DAEF4C2}.Release|Any CPU.Build.0 = Release|Any CPU
	EndGlobalSection
EndGlobal
